
Microsoft Visual Studio Solution File, Format Version 10.00
# Visual Studio 2008
Project("{F184B08F-C81C-45F6-A57F-5ABD9991F28F}") = "Montant_a_payer", "Montant_a_payer\Montant_a_payer.vbproj", "{C9B93A50-8514-4D6F-A01E-5145C718AC61}"
EndProject
Project("{54435603-DBB4-11D2-8724-00A0C9A8B90C}") = "Calculer_MT", "Calculer_MT\Calculer_MT.vdproj", "{55A2CCAE-D367-4425-977F-19AE472C6D83}"
EndProject
Global
	GlobalSection(SolutionConfigurationPlatforms) = preSolution
		Debug|Any CPU = Debug|Any CPU
		Release|Any CPU = Release|Any CPU
	EndGlobalSection
	GlobalSection(ProjectConfigurationPlatforms) = postSolution
		{C9B93A50-8514-4D6F-A01E-5145C718AC61}.Debug|Any CPU.ActiveCfg = Debug|Any CPU
		{C9B93A50-8514-4D6F-A01E-5145C718AC61}.Debug|Any CPU.Build.0 = Debug|Any CPU
		{C9B93A50-8514-4D6F-A01E-5145C718AC61}.Release|Any CPU.ActiveCfg = Release|Any CPU
		{C9B93A50-8514-4D6F-A01E-5145C718AC61}.Release|Any CPU.Build.0 = Release|Any CPU
		{55A2CCAE-D367-4425-977F-19AE472C6D83}.Debug|Any CPU.ActiveCfg = Debug
		{55A2CCAE-D367-4425-977F-19AE472C6D83}.Release|Any CPU.ActiveCfg = Release
	EndGlobalSection
	GlobalSection(SolutionProperties) = preSolution
		HideSolutionNode = FALSE
	EndGlobalSection
EndGlobal
